// !$*UTF8*$!
{
	archiveVersion = 1;
	classes = {
	};
	objectVersion = 77;
	objects = {

/* Begin PBXBuildFile section */
		5DAE0B9A2EED51C00020FA3D /* FHKStorage in Frameworks */ = {isa = PBXBuildFile; productRef = 5DAE0B992EED51C00020FA3D /* FHKStorage */; };
		5DAE0B9C2EED53A70020FA3D /* FHKStorage.icon in Resources */ = {isa = PBXBuildFile; fileRef = 5DAE0B9B2EED53A70020FA3D /* FHKStorage.icon */; };
/* End PBXBuildFile section */

/* Begin PBXContainerItemProxy section */
		5DAE0B702EED50F70020FA3D /* PBXContainerItemProxy */ = {
			isa = PBXContainerItemProxy;
			containerPortal = 5DAE0B5A2EED50F50020FA3D /* Project object */;
			proxyType = 1;
			remoteGlobalIDString = 5DAE0B612EED50F50020FA3D;
			remoteInfo = FHKStorageDemo;
		};
		5DAE0B7A2EED50F70020FA3D /* PBXContainerItemProxy */ = {
			isa = PBXContainerItemProxy;
			containerPortal = 5DAE0B5A2EED50F50020FA3D /* Project object */;
			proxyType = 1;
			remoteGlobalIDString = 5DAE0B612EED50F50020FA3D;
			remoteInfo = FHKStorageDemo;
		};
/* End PBXContainerItemProxy section */

/* Begin PBXFileReference section */
		5DAE0B622EED50F50020FA3D /* FHKStorageDemo.app */ = {isa = PBXFileReference; explicitFileType = wrapper.application; includeInIndex = 0; path = FHKStorageDemo.app; sourceTree = BUILT_PRODUCTS_DIR; };
		5DAE0B6F2EED50F70020FA3D /* FHKStorageDemoTests.xctest */ = {isa = PBXFileReference; explicitFileType = wrapper.cfbundle; includeInIndex = 0; path = FHKStorageDemoTests.xctest; sourceTree = BUILT_PRODUCTS_DIR; };
		5DAE0B792EED50F70020FA3D /* FHKStorageDemoUITests.xctest */ = {isa = PBXFileReference; explicitFileType = wrapper.cfbundle; includeInIndex = 0; path = FHKStorageDemoUITests.xctest; sourceTree = BUILT_PRODUCTS_DIR; };
		5DAE0B9B2EED53A70020FA3D /* FHKStorage.icon */ = {isa = PBXFileReference; lastKnownFileType = folder.iconcomposer.icon; path = FHKStorage.icon; sourceTree = "<group>"; };
/* End PBXFileReference section */

/* Begin PBXFileSystemSynchronizedBuildFileExceptionSet section */
		5DAE0B9E2EED53D40020FA3D /* Exceptions for "FHKStorageDemo" folder in "FHKStorageDemo" target */ = {
			isa = PBXFileSystemSynchronizedBuildFileExceptionSet;
			membershipExceptions = (
				Info.plist,
			);
			target = 5DAE0B612EED50F50020FA3D /* FHKStorageDemo */;
		};
/* End PBXFileSystemSynchronizedBuildFileExceptionSet section */

/* Begin PBXFileSystemSynchronizedRootGroup section */
		5DAE0B642EED50F50020FA3D /* FHKStorageDemo */ = {
			isa = PBXFileSystemSynchronizedRootGroup;
			exceptions = (
				5DAE0B9E2EED53D40020FA3D /* Exceptions for "FHKStorageDemo" folder in "FHKStorageDemo" target */,
			);
			path = FHKStorageDemo;
			sourceTree = "<group>";
		};
		5DAE0B722EED50F70020FA3D /* FHKStorageDemoTests */ = {
			isa = PBXFileSystemSynchronizedRootGroup;
			path = FHKStorageDemoTests;
			sourceTree = "<group>";
		};
		5DAE0B7C2EED50F70020FA3D /* FHKStorageDemoUITests */ = {
			isa = PBXFileSystemSynchronizedRootGroup;
			path = FHKStorageDemoUITests;
			sourceTree = "<group>";
		};
/* End PBXFileSystemSynchronizedRootGroup section */

/* Begin PBXFrameworksBuildPhase section */
		5DAE0B5F2EED50F50020FA3D /* Frameworks */ = {
			isa = PBXFrameworksBuildPhase;
			buildActionMask = 2147483647;
			files = (
				5DAE0B9A2EED51C00020FA3D /* FHKStorage in Frameworks */,
			);
			runOnlyForDeploymentPostprocessing = 0;
		};
		5DAE0B6C2EED50F70020FA3D /* Frameworks */ = {
			isa = PBXFrameworksBuildPhase;
			buildActionMask = 2147483647;
			files = (
			);
			runOnlyForDeploymentPostprocessing = 0;
		};
		5DAE0B762EED50F70020FA3D /* Frameworks */ = {
			isa = PBXFrameworksBuildPhase;
			buildActionMask = 2147483647;
			files = (
			);
			runOnlyForDeploymentPostprocessing = 0;
		};
/* End PBXFrameworksBuildPhase section */

/* Begin PBXGroup section */
		5DAE0B592EED50F50020FA3D = {
			isa = PBXGroup;
			children = (
				5DAE0B9B2EED53A70020FA3D /* FHKStorage.icon */,
				5DAE0B642EED50F50020FA3D /* FHKStorageDemo */,
				5DAE0B722EED50F70020FA3D /* FHKStorageDemoTests */,
				5DAE0B7C2EED50F70020FA3D /* FHKStorageDemoUITests */,
				5DAE0B632EED50F50020FA3D /* Products */,
			);
			sourceTree = "<group>";
		};
		5DAE0B632EED50F50020FA3D /* Products */ = {
			isa = PBXGroup;
			children = (
				5DAE0B622EED50F50020FA3D /* FHKStorageDemo.app */,
				5DAE0B6F2EED50F70020FA3D /* FHKStorageDemoTests.xctest */,
				5DAE0B792EED50F70020FA3D /* FHKStorageDemoUITests.xctest */,
			);
			name = Products;
			sourceTree = "<group>";
		};
/* End PBXGroup section */

/* Begin PBXNativeTarget section */
		5DAE0B612EED50F50020FA3D /* FHKStorageDemo */ = {
			isa = PBXNativeTarget;
			buildConfigurationList = 5DAE0B832EED50F70020FA3D /* Build configuration list for PBXNativeTarget "FHKStorageDemo" */;
			buildPhases = (
				5DAE0B5E2EED50F50020FA3D /* Sources */,
				5DAE0B5F2EED50F50020FA3D /* Frameworks */,
				5DAE0B602EED50F50020FA3D /* Resources */,
			);
			buildRules = (
			);
			dependencies = (
			);
			fileSystemSynchronizedGroups = (
				5DAE0B642EED50F50020FA3D /* FHKStorageDemo */,
			);
			name = FHKStorageDemo;
			packageProductDependencies = (
				5DAE0B992EED51C00020FA3D /* FHKStorage */,
			);
			productName = FHKStorageDemo;
			productReference = 5DAE0B622EED50F50020FA3D /* FHKStorageDemo.app */;
			productType = "com.apple.product-type.application";
		};
		5DAE0B6E2EED50F70020FA3D /* FHKStorageDemoTests */ = {
			isa = PBXNativeTarget;
			buildConfigurationList = 5DAE0B862EED50F70020FA3D /* Build configuration list for PBXNativeTarget "FHKStorageDemoTests" */;
			buildPhases = (
				5DAE0B6B2EED50F70020FA3D /* Sources */,
				5DAE0B6C2EED50F70020FA3D /* Frameworks */,
				5DAE0B6D2EED50F70020FA3D /* Resources */,
			);
			buildRules = (
			);
			dependencies = (
				5DAE0B712EED50F70020FA3D /* PBXTargetDependency */,
			);
			fileSystemSynchronizedGroups = (
				5DAE0B722EED50F70020FA3D /* FHKStorageDemoTests */,
			);
			name = FHKStorageDemoTests;
			packageProductDependencies = (
			);
			productName = FHKStorageDemoTests;
			productReference = 5DAE0B6F2EED50F70020FA3D /* FHKStorageDemoTests.xctest */;
			productType = "com.apple.product-type.bundle.unit-test";
		};
		5DAE0B782EED50F70020FA3D /* FHKStorageDemoUITests */ = {
			isa = PBXNativeTarget;
			buildConfigurationList = 5DAE0B892EED50F70020FA3D /* Build configuration list for PBXNativeTarget "FHKStorageDemoUITests" */;
			buildPhases = (
				5DAE0B752EED50F70020FA3D /* Sources */,
				5DAE0B762EED50F70020FA3D /* Frameworks */,
				5DAE0B772EED50F70020FA3D /* Resources */,
			);
			buildRules = (
			);
			dependencies = (
				5DAE0B7B2EED50F70020FA3D /* PBXTargetDependency */,
			);
			fileSystemSynchronizedGroups = (
				5DAE0B7C2EED50F70020FA3D /* FHKStorageDemoUITests */,
			);
			name = FHKStorageDemoUITests;
			packageProductDependencies = (
			);
			productName = FHKStorageDemoUITests;
			productReference = 5DAE0B792EED50F70020FA3D /* FHKStorageDemoUITests.xctest */;
			productType = "com.apple.product-type.bundle.ui-testing";
		};
/* End PBXNativeTarget section */

/* Begin PBXProject section */
		5DAE0B5A2EED50F50020FA3D /* Project object */ = {
			isa = PBXProject;
			attributes = {
				BuildIndependentTargetsInParallel = 1;
				LastSwiftUpdateCheck = 2610;
				LastUpgradeCheck = 2610;
				TargetAttributes = {
					5DAE0B612EED50F50020FA3D = {
						CreatedOnToolsVersion = 26.1;
					};
					5DAE0B6E2EED50F70020FA3D = {
						CreatedOnToolsVersion = 26.1;
						TestTargetID = 5DAE0B612EED50F50020FA3D;
					};
					5DAE0B782EED50F70020FA3D = {
						CreatedOnToolsVersion = 26.1;
						TestTargetID = 5DAE0B612EED50F50020FA3D;
					};
				};
			};
			buildConfigurationList = 5DAE0B5D2EED50F50020FA3D /* Build configuration list for PBXProject "FHKStorageDemo" */;
			developmentRegion = en;
			hasScannedForEncodings = 0;
			knownRegions = (
				en,
				Base,
			);
			mainGroup = 5DAE0B592EED50F50020FA3D;
			minimizedProjectReferenceProxies = 1;
			packageReferences = (
				5DAE0B982EED51C00020FA3D /* XCLocalSwiftPackageReference "../../../FHKStorage" */,
			);
			preferredProjectObjectVersion = 77;
			productRefGroup = 5DAE0B632EED50F50020FA3D /* Products */;
			projectDirPath = "";
			projectRoot = "";
			targets = (
				5DAE0B612EED50F50020FA3D /* FHKStorageDemo */,
				5DAE0B6E2EED50F70020FA3D /* FHKStorageDemoTests */,
				5DAE0B782EED50F70020FA3D /* FHKStorageDemoUITests */,
			);
		};
/* End PBXProject section */

/* Begin PBXResourcesBuildPhase section */
		5DAE0B602EED50F50020FA3D /* Resources */ = {
			isa = PBXResourcesBuildPhase;
			buildActionMask = 2147483647;
			files = (
				5DAE0B9C2EED53A70020FA3D /* FHKStorage.icon in Resources */,
			);
			runOnlyForDeploymentPostprocessing = 0;
		};
		5DAE0B6D2EED50F70020FA3D /* Resources */ = {
			isa = PBXResourcesBuildPhase;
			buildActionMask = 2147483647;
			files = (
			);
			runOnlyForDeploymentPostprocessing = 0;
		};
		5DAE0B772EED50F70020FA3D /* Resources */ = {
			isa = PBXResourcesBuildPhase;
			buildActionMask = 2147483647;
			files = (
			);
			runOnlyForDeploymentPostprocessing = 0;
		};
/* End PBXResourcesBuildPhase section */

/* Begin PBXSourcesBuildPhase section */
		5DAE0B5E2EED50F50020FA3D /* Sources */ = {
			isa = PBXSourcesBuildPhase;
			buildActionMask = 2147483647;
			files = (
			);
			runOnlyForDeploymentPostprocessing = 0;
		};
		5DAE0B6B2EED50F70020FA3D /* Sources */ = {
			isa = PBXSourcesBuildPhase;
			buildActionMask = 2147483647;
			files = (
			);
			runOnlyForDeploymentPostprocessing = 0;
		};
		5DAE0B752EED50F70020FA3D /* Sources */ = {
			isa = PBXSourcesBuildPhase;
			buildActionMask = 2147483647;
			files = (
			);
			runOnlyForDeploymentPostprocessing = 0;
		};
/* End PBXSourcesBuildPhase section */

/* Begin PBXTargetDependency section */
		5DAE0B712EED50F70020FA3D /* PBXTargetDependency */ = {
			isa = PBXTargetDependency;
			target = 5DAE0B612EED50F50020FA3D /* FHKStorageDemo */;
			targetProxy = 5DAE0B702EED50F70020FA3D /* PBXContainerItemProxy */;
		};
		5DAE0B7B2EED50F70020FA3D /* PBXTargetDependency */ = {
			isa = PBXTargetDependency;
			target = 5DAE0B612EED50F50020FA3D /* FHKStorageDemo */;
			targetProxy = 5DAE0B7A2EED50F70020FA3D /* PBXContainerItemProxy */;
		};
/* End PBXTargetDependency section */

/* Begin XCBuildConfiguration section */
		5DAE0B812EED50F70020FA3D /* Debug */ = {
			isa = XCBuildConfiguration;
			buildSettings = {
				ALWAYS_SEARCH_USER_PATHS = NO;
				ASSETCATALOG_COMPILER_GENERATE_SWIFT_ASSET_SYMBOL_EXTENSIONS = YES;
				CLANG_ANALYZER_NONNULL = YES;
				CLANG_ANALYZER_NUMBER_OBJECT_CONVERSION = YES_AGGRESSIVE;
				CLANG_CXX_LANGUAGE_STANDARD = "gnu++20";
				CLANG_ENABLE_MODULES = YES;
				CLANG_ENABLE_OBJC_ARC = YES;
				CLANG_ENABLE_OBJC_WEAK = YES;
				CLANG_WARN_BLOCK_CAPTURE_AUTORELEASING = YES;
				CLANG_WARN_BOOL_CONVERSION = YES;
				CLANG_WARN_COMMA = YES;
				CLANG_WARN_CONSTANT_CONVERSION = YES;
				CLANG_WARN_DEPRECATED_OBJC_IMPLEMENTATIONS = YES;
				CLANG_WARN_DIRECT_OBJC_ISA_USAGE = YES_ERROR;
				CLANG_WARN_DOCUMENTATION_COMMENTS = YES;
				CLANG_WARN_EMPTY_BODY = YES;
				CLANG_WARN_ENUM_CONVERSION = YES;
				CLANG_WARN_INFINITE_RECURSION = YES;
				CLANG_WARN_INT_CONVERSION = YES;
				CLANG_WARN_NON_LITERAL_NULL_CONVERSION = YES;
				CLANG_WARN_OBJC_IMPLICIT_RETAIN_SELF = YES;
				CLANG_WARN_OBJC_LITERAL_CONVERSION = YES;
				CLANG_WARN_OBJC_ROOT_CLASS = YES_ERROR;
				CLANG_WARN_QUOTED_INCLUDE_IN_FRAMEWORK_HEADER = YES;
				CLANG_WARN_RANGE_LOOP_ANALYSIS = YES;
				CLANG_WARN_STRICT_PROTOTYPES = YES;
				CLANG_WARN_SUSPICIOUS_MOVE = YES;
				CLANG_WARN_UNGUARDED_AVAILABILITY = YES_AGGRESSIVE;
				CLANG_WARN_UNREACHABLE_CODE = YES;
				CLANG_WARN__DUPLICATE_METHOD_MATCH = YES;
				COPY_PHASE_STRIP = NO;
				DEBUG_INFORMATION_FORMAT = dwarf;
				DEVELOPMENT_TEAM = TZ6ZTCG253;
				ENABLE_STRICT_OBJC_MSGSEND = YES;
				ENABLE_TESTABILITY = YES;
				ENABLE_USER_SCRIPT_SANDBOXING = YES;
				GCC_C_LANGUAGE_STANDARD = gnu17;
				GCC_DYNAMIC_NO_PIC = NO;
				GCC_NO_COMMON_BLOCKS = YES;
				GCC_OPTIMIZATION_LEVEL = 0;
				GCC_PREPROCESSOR_DEFINITIONS = (
					"DEBUG=1",
					"$(inherited)",
				);
				GCC_WARN_64_TO_32_BIT_CONVERSION = YES;
				GCC_WARN_ABOUT_RETURN_TYPE = YES_ERROR;
				GCC_WARN_UNDECLARED_SELECTOR = YES;
				GCC_WARN_UNINITIALIZED_AUTOS = YES_AGGRESSIVE;
				GCC_WARN_UNUSED_FUNCTION = YES;
				GCC_WARN_UNUSED_VARIABLE = YES;
				IPHONEOS_DEPLOYMENT_TARGET = 26.1;
				LOCALIZATION_PREFERS_STRING_CATALOGS = YES;
				MTL_ENABLE_DEBUG_INFO = INCLUDE_SOURCE;
				MTL_FAST_MATH = YES;
				ONLY_ACTIVE_ARCH = YES;
				SDKROOT = iphoneos;
				SWIFT_ACTIVE_COMPILATION_CONDITIONS = "DEBUG $(inherited)";
				SWIFT_OPTIMIZATION_LEVEL = "-Onone";
			};
			name = Debug;
		};
		5DAE0B822EED50F70020FA3D /* Release */ = {
			isa = XCBuildConfiguration;
			buildSettings = {
				ALWAYS_SEARCH_USER_PATHS = NO;
				ASSETCATALOG_COMPILER_GENERATE_SWIFT_ASSET_SYMBOL_EXTENSIONS = YES;
				CLANG_ANALYZER_NONNULL = YES;
				CLANG_ANALYZER_NUMBER_OBJECT_CONVERSION = YES_AGGRESSIVE;
				CLANG_CXX_LANGUAGE_STANDARD = "gnu++20";
				CLANG_ENABLE_MODULES = YES;
				CLANG_ENABLE_OBJC_ARC = YES;
				CLANG_ENABLE_OBJC_WEAK = YES;
				CLANG_WARN_BLOCK_CAPTURE_AUTORELEASING = YES;
				CLANG_WARN_BOOL_CONVERSION = YES;
				CLANG_WARN_COMMA = YES;
				CLANG_WARN_CONSTANT_CONVERSION = YES;
				CLANG_WARN_DEPRECATED_OBJC_IMPLEMENTATIONS = YES;
				CLANG_WARN_DIRECT_OBJC_ISA_USAGE = YES_ERROR;
				CLANG_WARN_DOCUMENTATION_COMMENTS = YES;
				CLANG_WARN_EMPTY_BODY = YES;
				CLANG_WARN_ENUM_CONVERSION = YES;
				CLANG_WARN_INFINITE_RECURSION = YES;
				CLANG_WARN_INT_CONVERSION = YES;
				CLANG_WARN_NON_LITERAL_NULL_CONVERSION = YES;
				CLANG_WARN_OBJC_IMPLICIT_RETAIN_SELF = YES;
				CLANG_WARN_OBJC_LITERAL_CONVERSION = YES;
				CLANG_WARN_OBJC_ROOT_CLASS = YES_ERROR;
				CLANG_WARN_QUOTED_INCLUDE_IN_FRAMEWORK_HEADER = YES;
				CLANG_WARN_RANGE_LOOP_ANALYSIS = YES;
				CLANG_WARN_STRICT_PROTOTYPES = YES;
				CLANG_WARN_SUSPICIOUS_MOVE = YES;
				CLANG_WARN_UNGUARDED_AVAILABILITY = YES_AGGRESSIVE;
				CLANG_WARN_UNREACHABLE_CODE = YES;
				CLANG_WARN__DUPLICATE_METHOD_MATCH = YES;
				COPY_PHASE_STRIP = NO;
				DEBUG_INFORMATION_FORMAT = "dwarf-with-dsym";
				DEVELOPMENT_TEAM = TZ6ZTCG253;
				ENABLE_NS_ASSERTIONS = NO;
				ENABLE_STRICT_OBJC_MSGSEND = YES;
				ENABLE_USER_SCRIPT_SANDBOXING = YES;
				GCC_C_LANGUAGE_STANDARD = gnu17;
				GCC_NO_COMMON_BLOCKS = YES;
				GCC_WARN_64_TO_32_BIT_CONVERSION = YES;
				GCC_WARN_ABOUT_RETURN_TYPE = YES_ERROR;
				GCC_WARN_UNDECLARED_SELECTOR = YES;
				GCC_WARN_UNINITIALIZED_AUTOS = YES_AGGRESSIVE;
				GCC_WARN_UNUSED_FUNCTION = YES;
				GCC_WARN_UNUSED_VARIABLE = YES;
				IPHONEOS_DEPLOYMENT_TARGET = 26.1;
				LOCALIZATION_PREFERS_STRING_CATALOGS = YES;
				MTL_ENABLE_DEBUG_INFO = NO;
				MTL_FAST_MATH = YES;
				SDKROOT = iphoneos;
				SWIFT_COMPILATION_MODE = wholemodule;
				VALIDATE_PRODUCT = YES;
			};
			name = Release;
		};
		5DAE0B842EED50F70020FA3D /* Debug */ = {
			isa = XCBuildConfiguration;
			buildSettings = {
				ASSETCATALOG_COMPILER_APPICON_NAME = FHKStorage;
				ASSETCATALOG_COMPILER_GLOBAL_ACCENT_COLOR_NAME = AccentColor;
				CODE_SIGN_STYLE = Automatic;
				CURRENT_PROJECT_VERSION = 1;
				DEVELOPMENT_TEAM = TZ6ZTCG253;
				ENABLE_PREVIEWS = YES;
				GENERATE_INFOPLIST_FILE = YES;
				INFOPLIST_FILE = FHKStorageDemo/Info.plist;
				INFOPLIST_KEY_UIApplicationSceneManifest_Generation = YES;
				INFOPLIST_KEY_UIApplicationSupportsIndirectInputEvents = YES;
				INFOPLIST_KEY_UILaunchScreen_Generation = YES;
				INFOPLIST_KEY_UISupportedInterfaceOrientations_iPad = "UIInterfaceOrientationPortrait UIInterfaceOrientationPortraitUpsideDown UIInterfaceOrientationLandscapeLeft UIInterfaceOrientationLandscapeRight";
				INFOPLIST_KEY_UISupportedInterfaceOrientations_iPhone = "UIInterfaceOrientationPortrait UIInterfaceOrientationLandscapeLeft UIInterfaceOrientationLandscapeRight";
				LD_RUNPATH_SEARCH_PATHS = (
					"$(inherited)",
					"@executable_path/Frameworks",
				);
				MARKETING_VERSION = 1.0;
				PRODUCT_BUNDLE_IDENTIFIER = com.fleon.fintechids.FHKStorageDemo;
				PRODUCT_NAME = "$(TARGET_NAME)";
				STRING_CATALOG_GENERATE_SYMBOLS = YES;
				SWIFT_APPROACHABLE_CONCURRENCY = YES;
				SWIFT_DEFAULT_ACTOR_ISOLATION = MainActor;
				SWIFT_EMIT_LOC_STRINGS = YES;
				SWIFT_UPCOMING_FEATURE_MEMBER_IMPORT_VISIBILITY = YES;
				SWIFT_VERSION = 6.0;
				TARGETED_DEVICE_FAMILY = "1,2";
			};
			name = Debug;
		};
		5DAE0B852EED50F70020FA3D /* Release */ = {
			isa = XCBuildConfiguration;
			buildSettings = {
				ASSETCATALOG_COMPILER_APPICON_NAME = FHKStorage;
				ASSETCATALOG_COMPILER_GLOBAL_ACCENT_COLOR_NAME = AccentColor;
				CODE_SIGN_STYLE = Automatic;
				CURRENT_PROJECT_VERSION = 1;
				DEVELOPMENT_TEAM = TZ6ZTCG253;
				ENABLE_PREVIEWS = YES;
				GENERATE_INFOPLIST_FILE = YES;
				INFOPLIST_FILE = FHKStorageDemo/Info.plist;
				INFOPLIST_KEY_UIApplicationSceneManifest_Generation = YES;
				INFOPLIST_KEY_UIApplicationSupportsIndirectInputEvents = YES;
				INFOPLIST_KEY_UILaunchScreen_Generation = YES;
				INFOPLIST_KEY_UISupportedInterfaceOrientations_iPad = "UIInterfaceOrientationPortrait UIInterfaceOrientationPortraitUpsideDown UIInterfaceOrientationLandscapeLeft UIInterfaceOrientationLandscapeRight";
				INFOPLIST_KEY_UISupportedInterfaceOrientations_iPhone = "UIInterfaceOrientationPortrait UIInterfaceOrientationLandscapeLeft UIInterfaceOrientationLandscapeRight";
				LD_RUNPATH_SEARCH_PATHS = (
					"$(inherited)",
					"@executable_path/Frameworks",
				);
				MARKETING_VERSION = 1.0;
				PRODUCT_BUNDLE_IDENTIFIER = com.fleon.fintechids.FHKStorageDemo;
				PRODUCT_NAME = "$(TARGET_NAME)";
				STRING_CATALOG_GENERATE_SYMBOLS = YES;
				SWIFT_APPROACHABLE_CONCURRENCY = YES;
				SWIFT_DEFAULT_ACTOR_ISOLATION = MainActor;
				SWIFT_EMIT_LOC_STRINGS = YES;
				SWIFT_UPCOMING_FEATURE_MEMBER_IMPORT_VISIBILITY = YES;
				SWIFT_VERSION = 6.0;
				TARGETED_DEVICE_FAMILY = "1,2";
			};
			name = Release;
		};
		5DAE0B872EED50F70020FA3D /* Debug */ = {
			isa = XCBuildConfiguration;
			buildSettings = {
				BUNDLE_LOADER = "$(TEST_HOST)";
				CODE_SIGN_STYLE = Automatic;
				CURRENT_PROJECT_VERSION = 1;
				DEVELOPMENT_TEAM = TZ6ZTCG253;
				GENERATE_INFOPLIST_FILE = YES;
				IPHONEOS_DEPLOYMENT_TARGET = 26.1;
				MARKETING_VERSION = 1.0;
				PRODUCT_BUNDLE_IDENTIFIER = com.fleon.fintechids.FHKStorageDemoTests;
				PRODUCT_NAME = "$(TARGET_NAME)";
				STRING_CATALOG_GENERATE_SYMBOLS = NO;
				SWIFT_APPROACHABLE_CONCURRENCY = YES;
				SWIFT_EMIT_LOC_STRINGS = NO;
				SWIFT_UPCOMING_FEATURE_MEMBER_IMPORT_VISIBILITY = YES;
				SWIFT_VERSION = 5.0;
				TARGETED_DEVICE_FAMILY = "1,2";
				TEST_HOST = "$(BUILT_PRODUCTS_DIR)/FHKStorageDemo.app/$(BUNDLE_EXECUTABLE_FOLDER_PATH)/FHKStorageDemo";
			};
			name = Debug;
		};
		5DAE0B882EED50F70020FA3D /* Release */ = {
			isa = XCBuildConfiguration;
			buildSettings = {
				BUNDLE_LOADER = "$(TEST_HOST)";
				CODE_SIGN_STYLE = Automatic;
				CURRENT_PROJECT_VERSION = 1;
				DEVELOPMENT_TEAM = TZ6ZTCG253;
				GENERATE_INFOPLIST_FILE = YES;
				IPHONEOS_DEPLOYMENT_TARGET = 26.1;
				MARKETING_VERSION = 1.0;
				PRODUCT_BUNDLE_IDENTIFIER = com.fleon.fintechids.FHKStorageDemoTests;
				PRODUCT_NAME = "$(TARGET_NAME)";
				STRING_CATALOG_GENERATE_SYMBOLS = NO;
				SWIFT_APPROACHABLE_CONCURRENCY = YES;
				SWIFT_EMIT_LOC_STRINGS = NO;
				SWIFT_UPCOMING_FEATURE_MEMBER_IMPORT_VISIBILITY = YES;
				SWIFT_VERSION = 5.0;
				TARGETED_DEVICE_FAMILY = "1,2";
				TEST_HOST = "$(BUILT_PRODUCTS_DIR)/FHKStorageDemo.app/$(BUNDLE_EXECUTABLE_FOLDER_PATH)/FHKStorageDemo";
			};
			name = Release;
		};
		5DAE0B8A2EED50F70020FA3D /* Debug */ = {
			isa = XCBuildConfiguration;
			buildSettings = {
				CODE_SIGN_STYLE = Automatic;
				CURRENT_PROJECT_VERSION = 1;
				DEVELOPMENT_TEAM = TZ6ZTCG253;
				GENERATE_INFOPLIST_FILE = YES;
				MARKETING_VERSION = 1.0;
				PRODUCT_BUNDLE_IDENTIFIER = com.fleon.fintechids.FHKStorageDemoUITests;
				PRODUCT_NAME = "$(TARGET_NAME)";
				STRING_CATALOG_GENERATE_SYMBOLS = NO;
				SWIFT_APPROACHABLE_CONCURRENCY = YES;
				SWIFT_EMIT_LOC_STRINGS = NO;
				SWIFT_UPCOMING_FEATURE_MEMBER_IMPORT_VISIBILITY = YES;
				SWIFT_VERSION = 5.0;
				TARGETED_DEVICE_FAMILY = "1,2";
				TEST_TARGET_NAME = FHKStorageDemo;
			};
			name = Debug;
		};
		5DAE0B8B2EED50F70020FA3D /* Release */ = {
			isa = XCBuildConfiguration;
			buildSettings = {
				CODE_SIGN_STYLE = Automatic;
				CURRENT_PROJECT_VERSION = 1;
				DEVELOPMENT_TEAM = TZ6ZTCG253;
				GENERATE_INFOPLIST_FILE = YES;
				MARKETING_VERSION = 1.0;
				PRODUCT_BUNDLE_IDENTIFIER = com.fleon.fintechids.FHKStorageDemoUITests;
				PRODUCT_NAME = "$(TARGET_NAME)";
				STRING_CATALOG_GENERATE_SYMBOLS = NO;
				SWIFT_APPROACHABLE_CONCURRENCY = YES;
				SWIFT_EMIT_LOC_STRINGS = NO;
				SWIFT_UPCOMING_FEATURE_MEMBER_IMPORT_VISIBILITY = YES;
				SWIFT_VERSION = 5.0;
				TARGETED_DEVICE_FAMILY = "1,2";
				TEST_TARGET_NAME = FHKStorageDemo;
			};
			name = Release;
		};
/* End XCBuildConfiguration section */

/* Begin XCConfigurationList section */
		5DAE0B5D2EED50F50020FA3D /* Build configuration list for PBXProject "FHKStorageDemo" */ = {
			isa = XCConfigurationList;
			buildConfigurations = (
				5DAE0B812EED50F70020FA3D /* Debug */,
				5DAE0B822EED50F70020FA3D /* Release */,
			);
			defaultConfigurationIsVisible = 0;
			defaultConfigurationName = Release;
		};
		5DAE0B832EED50F70020FA3D /* Build configuration list for PBXNativeTarget "FHKStorageDemo" */ = {
			isa = XCConfigurationList;
			buildConfigurations = (
				5DAE0B842EED50F70020FA3D /* Debug */,
				5DAE0B852EED50F70020FA3D /* Release */,
			);
			defaultConfigurationIsVisible = 0;
			defaultConfigurationName = Release;
		};
		5DAE0B862EED50F70020FA3D /* Build configuration list for PBXNativeTarget "FHKStorageDemoTests" */ = {
			isa = XCConfigurationList;
			buildConfigurations = (
				5DAE0B872EED50F70020FA3D /* Debug */,
				5DAE0B882EED50F70020FA3D /* Release */,
			);
			defaultConfigurationIsVisible = 0;
			defaultConfigurationName = Release;
		};
		5DAE0B892EED50F70020FA3D /* Build configuration list for PBXNativeTarget "FHKStorageDemoUITests" */ = {
			isa = XCConfigurationList;
			buildConfigurations = (
				5DAE0B8A2EED50F70020FA3D /* Debug */,
				5DAE0B8B2EED50F70020FA3D /* Release */,
			);
			defaultConfigurationIsVisible = 0;
			defaultConfigurationName = Release;
		};
/* End XCConfigurationList section */

/* Begin XCLocalSwiftPackageReference section */
		5DAE0B982EED51C00020FA3D /* XCLocalSwiftPackageReference "../../../FHKStorage" */ = {
			isa = XCLocalSwiftPackageReference;
			relativePath = ../../../FHKStorage;
		};
/* End XCLocalSwiftPackageReference section */

/* Begin XCSwiftPackageProductDependency section */
		5DAE0B992EED51C00020FA3D /* FHKStorage */ = {
			isa = XCSwiftPackageProductDependency;
			productName = FHKStorage;
		};
/* End XCSwiftPackageProductDependency section */
	};
	rootObject = 5DAE0B5A2EED50F50020FA3D /* Project object */;
}
