{
  "originHash" : "860eedf0b8e9db70f8ad0f3e706658e08ec094f7bb062ef091ba825451070a7e",
  "pins" : [
    {
      "identity" : "fintechkids-modulo-utils-ios",
      "kind" : "remoteSourceControl",
      "location" : "https://github.com/leonodev/fintechKids-modulo-utils-ios.git",
      "state" : {
        "revision" : "133c1e36451b4a01de243388def3f0df30ffe79c",
        "version" : "1.0.2"
      }
    }
  ],
  "version" : 3
}
